
Microsoft Visual Studio Solution File, Format Version 12.00
# Visual Studio Version 17
VisualStudioVersion = 17.13.35828.75 d17.13
MinimumVisualStudioVersion = 10.0.40219.1
Project("{FAE04EC0-301F-11D3-BF4B-00C04F79EFBC}") = "Library", "Library.csproj", "{6D8FB4C8-0E06-4391-898D-F1F704928CD1}"
EndProject
Global
	GlobalSection(SolutionConfigurationPlatforms) = preSolution
		Debug|Any CPU = Debug|Any CPU
		Release|Any CPU = Release|Any CPU
	EndGlobalSection
	GlobalSection(ProjectConfigurationPlatforms) = postSolution
		{6D8FB4C8-0E06-4391-898D-F1F704928CD1}.Debug|Any CPU.ActiveCfg = Debug|Any CPU
		{6D8FB4C8-0E06-4391-898D-F1F704928CD1}.Debug|Any CPU.Build.0 = Debug|Any CPU
		{6D8FB4C8-0E06-4391-898D-F1F704928CD1}.Release|Any CPU.ActiveCfg = Release|Any CPU
		{6D8FB4C8-0E06-4391-898D-F1F704928CD1}.Release|Any CPU.Build.0 = Release|Any CPU
	EndGlobalSection
	GlobalSection(SolutionProperties) = preSolution
		HideSolutionNode = FALSE
	EndGlobalSection
	GlobalSection(ExtensibilityGlobals) = postSolution
		SolutionGuid = {EB2D51E5-FC15-438F-A57B-3D9A2B4AB34D}
	EndGlobalSection
EndGlobal
